dependencies:
- name: postgresql
  repository: https://charts.bitnami.com/bitnami
  version: 12.2.6
- name: redis
  repository: https://charts.bitnami.com/bitnami
  version: 17.8.7
digest: sha256:912a8e3dedfc9c3eff18a02727d84787da83db959d13c845b1754a20156a537b
generated: "2023-03-31T13:42:57.1097149+02:00"
